
Microsoft Visual Studio Solution File, Format Version 12.00
# Visual Studio Version 17
VisualStudioVersion = 17.7.34003.232
MinimumVisualStudioVersion = 10.0.40219.1
Project("{FAE04EC0-301F-11D3-BF4B-00C04F79EFBC}") = "ASPHomeWork_8", "ASPHomeWork_8\ASPHomeWork_8.csproj", "{0BBE87AC-16DE-4A9D-9A04-05D28745D37A}"
EndProject
Global
	GlobalSection(SolutionConfigurationPlatforms) = preSolution
		Debug|Any CPU = Debug|Any CPU
		Release|Any CPU = Release|Any CPU
	EndGlobalSection
	GlobalSection(ProjectConfigurationPlatforms) = postSolution
		{0BBE87AC-16DE-4A9D-9A04-05D28745D37A}.Debug|Any CPU.ActiveCfg = Debug|Any CPU
		{0BBE87AC-16DE-4A9D-9A04-05D28745D37A}.Debug|Any CPU.Build.0 = Debug|Any CPU
		{0BBE87AC-16DE-4A9D-9A04-05D28745D37A}.Release|Any CPU.ActiveCfg = Release|Any CPU
		{0BBE87AC-16DE-4A9D-9A04-05D28745D37A}.Release|Any CPU.Build.0 = Release|Any CPU
	EndGlobalSection
	GlobalSection(SolutionProperties) = preSolution
		HideSolutionNode = FALSE
	EndGlobalSection
	GlobalSection(ExtensibilityGlobals) = postSolution
		SolutionGuid = {6F4C0B59-8AE1-4DDE-AB6A-BEE9886DA48E}
	EndGlobalSection
EndGlobal
